Microsoft Visual Studio Solution File, Format Version 11.00
# Visual Studio 2010
Project("{FAE04EC0-301F-11D3-BF4B-00C04F79EFBC}") = "Assembly-CSharp", "Assembly-CSharp.csproj", "{3C1A5D23-7A46-BB97-8EB4-5AEAB74C77EE}"
EndProject
Project("{FAE04EC0-301F-11D3-BF4B-00C04F79EFBC}") = "Assembly-CSharp-Editor-firstpass", "Assembly-CSharp-Editor-firstpass.csproj", "{12AE3F93-4748-2613-17C7-7A06D6B42B8A}"
EndProject
Global
	GlobalSection(SolutionConfigurationPlatforms) = preSolution
		Debug|Any CPU = Debug|Any CPU
		Release|Any CPU = Release|Any CPU
	EndGlobalSection
	GlobalSection(ProjectConfigurationPlatforms) = postSolution
		{3C1A5D23-7A46-BB97-8EB4-5AEAB74C77EE}.Debug|Any CPU.ActiveCfg = Debug|Any CPU
		{3C1A5D23-7A46-BB97-8EB4-5AEAB74C77EE}.Debug|Any CPU.Build.0 = Debug|Any CPU
		{3C1A5D23-7A46-BB97-8EB4-5AEAB74C77EE}.Release|Any CPU.ActiveCfg = Release|Any CPU
		{3C1A5D23-7A46-BB97-8EB4-5AEAB74C77EE}.Release|Any CPU.Build.0 = Release|Any CPU
		{12AE3F93-4748-2613-17C7-7A06D6B42B8A}.Debug|Any CPU.ActiveCfg = Debug|Any CPU
		{12AE3F93-4748-2613-17C7-7A06D6B42B8A}.Debug|Any CPU.Build.0 = Debug|Any CPU
		{12AE3F93-4748-2613-17C7-7A06D6B42B8A}.Release|Any CPU.ActiveCfg = Release|Any CPU
		{12AE3F93-4748-2613-17C7-7A06D6B42B8A}.Release|Any CPU.Build.0 = Release|Any CPU
	EndGlobalSection
	GlobalSection(SolutionProperties) = preSolution
		HideSolutionNode = FALSE
	EndGlobalSection
	GlobalSection(MonoDevelopProperties) = preSolution
		StartupItem = Assembly-CSharp.csproj
	EndGlobalSection
EndGlobal
